Microsoft Visual Studio Solution File, Format Version 12.00
# Visual Studio Version 17
VisualStudioVersion = 17.5.2.0
MinimumVisualStudioVersion = 10.0.40219.1
Project("{FAE04EC0-301F-11D3-BF4B-00C04F79EFBC}") = "Elabyad.Mohamed.MP06.UF02.NET.Acces.Dades.MySql", "Elabyad.Mohamed.MP06.UF02.NET.Acces.Dades.MySql.csproj", "{6ECD9A93-F46A-03B2-61E8-9180C830FABD}"
EndProject
Global
	GlobalSection(SolutionConfigurationPlatforms) = preSolution
		Debug|Any CPU = Debug|Any CPU
		Release|Any CPU = Release|Any CPU
	EndGlobalSection
	GlobalSection(ProjectConfigurationPlatforms) = postSolution
		{6ECD9A93-F46A-03B2-61E8-9180C830FABD}.Debug|Any CPU.ActiveCfg = Debug|Any CPU
		{6ECD9A93-F46A-03B2-61E8-9180C830FABD}.Debug|Any CPU.Build.0 = Debug|Any CPU
		{6ECD9A93-F46A-03B2-61E8-9180C830FABD}.Release|Any CPU.ActiveCfg = Release|Any CPU
		{6ECD9A93-F46A-03B2-61E8-9180C830FABD}.Release|Any CPU.Build.0 = Release|Any CPU
	EndGlobalSection
	GlobalSection(SolutionProperties) = preSolution
		HideSolutionNode = FALSE
	EndGlobalSection
	GlobalSection(ExtensibilityGlobals) = postSolution
		SolutionGuid = {134A83BD-5B42-4172-9F12-1EEE9C996161}
	EndGlobalSection
EndGlobal
